
Microsoft Visual Studio Solution File, Format Version 12.00
# Visual Studio 15
VisualStudioVersion = 15.0.28010.2003
MinimumVisualStudioVersion = 10.0.40219.1
Project("{FAE04EC0-301F-11D3-BF4B-00C04F79EFBC}") = "TaskForForsight", "TaskForForsait\TaskForForsight.csproj", "{81E8B1BF-ED96-450B-9084-C0A58CE1EB76}"
EndProject
Project("{FAE04EC0-301F-11D3-BF4B-00C04F79EFBC}") = "StringBuilderTest", "StringBuilderTest\StringBuilderTest.csproj", "{18106150-4F15-4AAC-9D5F-89550903FFE0}"
EndProject
Global
	GlobalSection(SolutionConfigurationPlatforms) = preSolution
		Debug|Any CPU = Debug|Any CPU
		Release|Any CPU = Release|Any CPU
	EndGlobalSection
	GlobalSection(ProjectConfigurationPlatforms) = postSolution
		{81E8B1BF-ED96-450B-9084-C0A58CE1EB76}.Debug|Any CPU.ActiveCfg = Debug|Any CPU
		{81E8B1BF-ED96-450B-9084-C0A58CE1EB76}.Debug|Any CPU.Build.0 = Debug|Any CPU
		{81E8B1BF-ED96-450B-9084-C0A58CE1EB76}.Release|Any CPU.ActiveCfg = Release|Any CPU
		{81E8B1BF-ED96-450B-9084-C0A58CE1EB76}.Release|Any CPU.Build.0 = Release|Any CPU
		{18106150-4F15-4AAC-9D5F-89550903FFE0}.Debug|Any CPU.ActiveCfg = Debug|Any CPU
		{18106150-4F15-4AAC-9D5F-89550903FFE0}.Debug|Any CPU.Build.0 = Debug|Any CPU
		{18106150-4F15-4AAC-9D5F-89550903FFE0}.Release|Any CPU.ActiveCfg = Release|Any CPU
		{18106150-4F15-4AAC-9D5F-89550903FFE0}.Release|Any CPU.Build.0 = Release|Any CPU
	EndGlobalSection
	GlobalSection(SolutionProperties) = preSolution
		HideSolutionNode = FALSE
	EndGlobalSection
	GlobalSection(ExtensibilityGlobals) = postSolution
		SolutionGuid = {A8E024E1-CD7D-4ECD-8563-0522EC6B0A49}
	EndGlobalSection
EndGlobal
